
Microsoft Visual Studio Solution File, Format Version 12.00
# Visual Studio 14
VisualStudioVersion = 14.0.25420.1
MinimumVisualStudioVersion = 10.0.40219.1
Project("{F2A71F9B-5D33-465A-A702-920D77279786}") = "Fake.AzureRm", "src\Fake.AzureRm.fsproj", "{91EB99FB-5B3F-4260-8BE0-F4EBC8F09BDB}"
EndProject
Project("{2150E333-8FDC-42A3-9474-1A3956D46DE8}") = ".paket", ".paket", "{9EFFDAE0-0F74-45D3-AF61-FC0CA25D132C}"
	ProjectSection(SolutionItems) = preProject
		paket.dependencies = paket.dependencies
	EndProjectSection
EndProject
Project("{2150E333-8FDC-42A3-9474-1A3956D46DE8}") = ".license", ".license", "{ECF292AB-AA08-481A-B856-EC6B20981CEC}"
	ProjectSection(SolutionItems) = preProject
		LICENSE = LICENSE
	EndProjectSection
EndProject
Project("{2150E333-8FDC-42A3-9474-1A3956D46DE8}") = ".docs", ".docs", "{AF70427B-767D-4D64-8CC8-D923619C48BA}"
	ProjectSection(SolutionItems) = preProject
		README.md = README.md
	EndProjectSection
EndProject
Project("{2150E333-8FDC-42A3-9474-1A3956D46DE8}") = ".examples", ".examples", "{4471AFF3-3ED0-4838-9667-BF2892B8BF76}"
EndProject
Project("{2150E333-8FDC-42A3-9474-1A3956D46DE8}") = ".build", ".build", "{E6B235D0-1FBC-459F-9103-54532E3A86F9}"
	ProjectSection(SolutionItems) = preProject
		appveyor.yml = appveyor.yml
	EndProjectSection
EndProject
Project("{F2A71F9B-5D33-465A-A702-920D77279786}") = "1.Generate.Secure.Token", ".examples\1.Generate.Secure.Token\1.Generate.Secure.Token.fsproj", "{D64BC63F-BCAF-47AD-828B-1BEEDA568BE6}"
EndProject
Project("{F2A71F9B-5D33-465A-A702-920D77279786}") = "2.Create.ResourceGroup.With.AppService", ".examples\2.Create.ResourceGroup.With.AppService\2.Create.ResourceGroup.With.AppService.fsproj", "{0FA79CDC-A058-41B1-9343-28D92936B677}"
EndProject
Project("{F2A71F9B-5D33-465A-A702-920D77279786}") = "3.Create.ResourceGroup.With.AppService.And.SqlServer", ".examples\3.Create.ResourceGroup.With.AppService.And.SqlServer\3.Create.ResourceGroup.With.AppService.And.SqlServer.fsproj", "{FFBC8F06-B5C4-4DB5-96CA-B399C6D21312}"
EndProject
Project("{2150E333-8FDC-42A3-9474-1A3956D46DE8}") = "Artifacts", "Artifacts", "{9EA8246C-8BA1-489C-97C5-425464A73097}"
EndProject
Project("{FAE04EC0-301F-11D3-BF4B-00C04F79EFBC}") = "Azure.Application.Service", ".examples\Artifacts\Azure.Application.Service\Azure.Application.Service.csproj", "{302A1542-27C5-4C4B-8584-FD86BB018238}"
EndProject
Global
	GlobalSection(SolutionConfigurationPlatforms) = preSolution
		Debug|Any CPU = Debug|Any CPU
		Release|Any CPU = Release|Any CPU
	EndGlobalSection
	GlobalSection(ProjectConfigurationPlatforms) = postSolution
		{91EB99FB-5B3F-4260-8BE0-F4EBC8F09BDB}.Debug|Any CPU.ActiveCfg = Debug|Any CPU
		{91EB99FB-5B3F-4260-8BE0-F4EBC8F09BDB}.Debug|Any CPU.Build.0 = Debug|Any CPU
		{91EB99FB-5B3F-4260-8BE0-F4EBC8F09BDB}.Release|Any CPU.ActiveCfg = Release|Any CPU
		{91EB99FB-5B3F-4260-8BE0-F4EBC8F09BDB}.Release|Any CPU.Build.0 = Release|Any CPU
		{D64BC63F-BCAF-47AD-828B-1BEEDA568BE6}.Debug|Any CPU.ActiveCfg = Debug|Any CPU
		{D64BC63F-BCAF-47AD-828B-1BEEDA568BE6}.Debug|Any CPU.Build.0 = Debug|Any CPU
		{D64BC63F-BCAF-47AD-828B-1BEEDA568BE6}.Release|Any CPU.ActiveCfg = Release|Any CPU
		{D64BC63F-BCAF-47AD-828B-1BEEDA568BE6}.Release|Any CPU.Build.0 = Release|Any CPU
		{0FA79CDC-A058-41B1-9343-28D92936B677}.Debug|Any CPU.ActiveCfg = Debug|Any CPU
		{0FA79CDC-A058-41B1-9343-28D92936B677}.Debug|Any CPU.Build.0 = Debug|Any CPU
		{0FA79CDC-A058-41B1-9343-28D92936B677}.Release|Any CPU.ActiveCfg = Release|Any CPU
		{0FA79CDC-A058-41B1-9343-28D92936B677}.Release|Any CPU.Build.0 = Release|Any CPU
		{FFBC8F06-B5C4-4DB5-96CA-B399C6D21312}.Debug|Any CPU.ActiveCfg = Debug|Any CPU
		{FFBC8F06-B5C4-4DB5-96CA-B399C6D21312}.Debug|Any CPU.Build.0 = Debug|Any CPU
		{FFBC8F06-B5C4-4DB5-96CA-B399C6D21312}.Release|Any CPU.ActiveCfg = Release|Any CPU
		{FFBC8F06-B5C4-4DB5-96CA-B399C6D21312}.Release|Any CPU.Build.0 = Release|Any CPU
		{302A1542-27C5-4C4B-8584-FD86BB018238}.Debug|Any CPU.ActiveCfg = Debug|Any CPU
		{302A1542-27C5-4C4B-8584-FD86BB018238}.Debug|Any CPU.Build.0 = Debug|Any CPU
		{302A1542-27C5-4C4B-8584-FD86BB018238}.Release|Any CPU.ActiveCfg = Release|Any CPU
		{302A1542-27C5-4C4B-8584-FD86BB018238}.Release|Any CPU.Build.0 = Release|Any CPU
	EndGlobalSection
	GlobalSection(SolutionProperties) = preSolution
		HideSolutionNode = FALSE
	EndGlobalSection
	GlobalSection(NestedProjects) = preSolution
		{D64BC63F-BCAF-47AD-828B-1BEEDA568BE6} = {4471AFF3-3ED0-4838-9667-BF2892B8BF76}
		{0FA79CDC-A058-41B1-9343-28D92936B677} = {4471AFF3-3ED0-4838-9667-BF2892B8BF76}
		{FFBC8F06-B5C4-4DB5-96CA-B399C6D21312} = {4471AFF3-3ED0-4838-9667-BF2892B8BF76}
		{9EA8246C-8BA1-489C-97C5-425464A73097} = {4471AFF3-3ED0-4838-9667-BF2892B8BF76}
		{302A1542-27C5-4C4B-8584-FD86BB018238} = {9EA8246C-8BA1-489C-97C5-425464A73097}
	EndGlobalSection
EndGlobal
